
Microsoft Visual Studio Solution File, Format Version 12.00
# Visual Studio Version 17
VisualStudioVersion = 17.3.32825.248
MinimumVisualStudioVersion = 10.0.40219.1
Project("{FAE04EC0-301F-11D3-BF4B-00C04F79EFBC}") = "RabbitMQTest.Consumer", "RabbitMQTest.Consumer\RabbitMQTest.Consumer.csproj", "{0631F25D-B363-4388-912F-4742662EB5CE}"
EndProject
Project("{FAE04EC0-301F-11D3-BF4B-00C04F79EFBC}") = "RabbitMQTest.WebAPI", "RabbitMQTest.WebAPI\RabbitMQTest.WebAPI.csproj", "{6F491FB8-5577-4A70-A6E6-99421CA44258}"
EndProject
Project("{FAE04EC0-301F-11D3-BF4B-00C04F79EFBC}") = "RabbitMQTest.Core", "RabbitMQTest.Core\RabbitMQTest.Core.csproj", "{2F51C89C-9C4D-423A-A054-079A4726D775}"
EndProject
Global
	GlobalSection(SolutionConfigurationPlatforms) = preSolution
		Debug|Any CPU = Debug|Any CPU
		Release|Any CPU = Release|Any CPU
	EndGlobalSection
	GlobalSection(ProjectConfigurationPlatforms) = postSolution
		{0631F25D-B363-4388-912F-4742662EB5CE}.Debug|Any CPU.ActiveCfg = Debug|Any CPU
		{0631F25D-B363-4388-912F-4742662EB5CE}.Debug|Any CPU.Build.0 = Debug|Any CPU
		{0631F25D-B363-4388-912F-4742662EB5CE}.Release|Any CPU.ActiveCfg = Release|Any CPU
		{0631F25D-B363-4388-912F-4742662EB5CE}.Release|Any CPU.Build.0 = Release|Any CPU
		{6F491FB8-5577-4A70-A6E6-99421CA44258}.Debug|Any CPU.ActiveCfg = Debug|Any CPU
		{6F491FB8-5577-4A70-A6E6-99421CA44258}.Debug|Any CPU.Build.0 = Debug|Any CPU
		{6F491FB8-5577-4A70-A6E6-99421CA44258}.Release|Any CPU.ActiveCfg = Release|Any CPU
		{6F491FB8-5577-4A70-A6E6-99421CA44258}.Release|Any CPU.Build.0 = Release|Any CPU
		{2F51C89C-9C4D-423A-A054-079A4726D775}.Debug|Any CPU.ActiveCfg = Debug|Any CPU
		{2F51C89C-9C4D-423A-A054-079A4726D775}.Debug|Any CPU.Build.0 = Debug|Any CPU
		{2F51C89C-9C4D-423A-A054-079A4726D775}.Release|Any CPU.ActiveCfg = Release|Any CPU
		{2F51C89C-9C4D-423A-A054-079A4726D775}.Release|Any CPU.Build.0 = Release|Any CPU
	EndGlobalSection
	GlobalSection(SolutionProperties) = preSolution
		HideSolutionNode = FALSE
	EndGlobalSection
	GlobalSection(ExtensibilityGlobals) = postSolution
		SolutionGuid = {0769E762-1598-4BFC-BC72-A227ECCBAE42}
	EndGlobalSection
EndGlobal
